
Microsoft Visual Studio Solution File, Format Version 12.00
# Visual Studio 15
VisualStudioVersion = 15.0.28307.572
MinimumVisualStudioVersion = 10.0.40219.1
Project("{FAE04EC0-301F-11D3-BF4B-00C04F79EFBC}") = "ASP_NET_MVC_Q4", "ASP_NET_MVC_Q4\ASP_NET_MVC_Q4.csproj", "{F65C65DC-0447-471C-985B-3E7E4B08938C}"
EndProject
Global
	GlobalSection(SolutionConfigurationPlatforms) = preSolution
		Debug|Any CPU = Debug|Any CPU
		Release|Any CPU = Release|Any CPU
	EndGlobalSection
	GlobalSection(ProjectConfigurationPlatforms) = postSolution
		{F65C65DC-0447-471C-985B-3E7E4B08938C}.Debug|Any CPU.ActiveCfg = Debug|Any CPU
		{F65C65DC-0447-471C-985B-3E7E4B08938C}.Debug|Any CPU.Build.0 = Debug|Any CPU
		{F65C65DC-0447-471C-985B-3E7E4B08938C}.Release|Any CPU.ActiveCfg = Release|Any CPU
		{F65C65DC-0447-471C-985B-3E7E4B08938C}.Release|Any CPU.Build.0 = Release|Any CPU
	EndGlobalSection
	GlobalSection(SolutionProperties) = preSolution
		HideSolutionNode = FALSE
	EndGlobalSection
	GlobalSection(ExtensibilityGlobals) = postSolution
		SolutionGuid = {908DB34A-8905-47F1-8038-459B69F903D5}
	EndGlobalSection
EndGlobal
